
Microsoft Visual Studio Solution File, Format Version 12.00
# Visual Studio Version 17
VisualStudioVersion = 17.8.34316.72
MinimumVisualStudioVersion = 10.0.40219.1
Project("{9A19103F-16F7-4668-BE54-9A1E7A4F7556}") = "AutoBusAppWeb", "AutoBusAppWeb\AutoBusAppWeb.csproj", "{803EA73C-4C28-4D5B-AC93-03317E42D2E0}"
EndProject
Project("{9A19103F-16F7-4668-BE54-9A1E7A4F7556}") = "AutoBusAppDAL", "AutoBusAppDAL\AutoBusAppDAL.csproj", "{2349765A-FCA8-453A-B9EE-13BA3AB067B1}"
EndProject
Project("{FAE04EC0-301F-11D3-BF4B-00C04F79EFBC}") = "AutoBusAppBLL", "AutoBusAppBLL\AutoBusAppBLL.csproj", "{FA6782AB-43D7-426C-B14D-C0468B8C99B1}"
EndProject
Global
	GlobalSection(SolutionConfigurationPlatforms) = preSolution
		Debug|Any CPU = Debug|Any CPU
		Release|Any CPU = Release|Any CPU
	EndGlobalSection
	GlobalSection(ProjectConfigurationPlatforms) = postSolution
		{803EA73C-4C28-4D5B-AC93-03317E42D2E0}.Debug|Any CPU.ActiveCfg = Debug|Any CPU
		{803EA73C-4C28-4D5B-AC93-03317E42D2E0}.Debug|Any CPU.Build.0 = Debug|Any CPU
		{803EA73C-4C28-4D5B-AC93-03317E42D2E0}.Release|Any CPU.ActiveCfg = Release|Any CPU
		{803EA73C-4C28-4D5B-AC93-03317E42D2E0}.Release|Any CPU.Build.0 = Release|Any CPU
		{2349765A-FCA8-453A-B9EE-13BA3AB067B1}.Debug|Any CPU.ActiveCfg = Debug|Any CPU
		{2349765A-FCA8-453A-B9EE-13BA3AB067B1}.Debug|Any CPU.Build.0 = Debug|Any CPU
		{2349765A-FCA8-453A-B9EE-13BA3AB067B1}.Release|Any CPU.ActiveCfg = Release|Any CPU
		{2349765A-FCA8-453A-B9EE-13BA3AB067B1}.Release|Any CPU.Build.0 = Release|Any CPU
		{FA6782AB-43D7-426C-B14D-C0468B8C99B1}.Debug|Any CPU.ActiveCfg = Debug|Any CPU
		{FA6782AB-43D7-426C-B14D-C0468B8C99B1}.Debug|Any CPU.Build.0 = Debug|Any CPU
		{FA6782AB-43D7-426C-B14D-C0468B8C99B1}.Release|Any CPU.ActiveCfg = Release|Any CPU
		{FA6782AB-43D7-426C-B14D-C0468B8C99B1}.Release|Any CPU.Build.0 = Release|Any CPU
	EndGlobalSection
	GlobalSection(SolutionProperties) = preSolution
		HideSolutionNode = FALSE
	EndGlobalSection
	GlobalSection(ExtensibilityGlobals) = postSolution
		SolutionGuid = {0BDE882E-6788-43C2-BBF2-EC91D54F97FC}
	EndGlobalSection
EndGlobal
